
Microsoft Visual Studio Solution File, Format Version 12.00
# Visual Studio Version 17
VisualStudioVersion = 17.0.32112.339
MinimumVisualStudioVersion = 10.0.40219.1
Project("{FAE04EC0-301F-11D3-BF4B-00C04F79EFBC}") = "DataStructure", "DataStructure\DataStructure.csproj", "{77911BF9-4C49-4FC6-B09B-5B8849C19B4C}"
EndProject
Global
	GlobalSection(SolutionConfigurationPlatforms) = preSolution
		Debug|Any CPU = Debug|Any CPU
		Release|Any CPU = Release|Any CPU
	EndGlobalSection
	GlobalSection(ProjectConfigurationPlatforms) = postSolution
		{77911BF9-4C49-4FC6-B09B-5B8849C19B4C}.Debug|Any CPU.ActiveCfg = Debug|Any CPU
		{77911BF9-4C49-4FC6-B09B-5B8849C19B4C}.Debug|Any CPU.Build.0 = Debug|Any CPU
		{77911BF9-4C49-4FC6-B09B-5B8849C19B4C}.Release|Any CPU.ActiveCfg = Release|Any CPU
		{77911BF9-4C49-4FC6-B09B-5B8849C19B4C}.Release|Any CPU.Build.0 = Release|Any CPU
	EndGlobalSection
	GlobalSection(SolutionProperties) = preSolution
		HideSolutionNode = FALSE
	EndGlobalSection
	GlobalSection(ExtensibilityGlobals) = postSolution
		SolutionGuid = {092790F9-5169-4529-9F26-0C7A44098548}
	EndGlobalSection
EndGlobal
